
Microsoft Visual Studio Solution File, Format Version 12.00
# Visual Studio 15
VisualStudioVersion = 15.0.26730.10
MinimumVisualStudioVersion = 10.0.40219.1
Project("{FAE04EC0-301F-11D3-BF4B-00C04F79EFBC}") = "theContosoUniversity", "theContosoUniversity\theContosoUniversity.csproj", "{171A53D9-1510-485A-AE15-B63FED57AFBF}"
EndProject
Global
	GlobalSection(SolutionConfigurationPlatforms) = preSolution
		Debug|Any CPU = Debug|Any CPU
		Release|Any CPU = Release|Any CPU
	EndGlobalSection
	GlobalSection(ProjectConfigurationPlatforms) = postSolution
		{171A53D9-1510-485A-AE15-B63FED57AFBF}.Debug|Any CPU.ActiveCfg = Debug|Any CPU
		{171A53D9-1510-485A-AE15-B63FED57AFBF}.Debug|Any CPU.Build.0 = Debug|Any CPU
		{171A53D9-1510-485A-AE15-B63FED57AFBF}.Release|Any CPU.ActiveCfg = Release|Any CPU
		{171A53D9-1510-485A-AE15-B63FED57AFBF}.Release|Any CPU.Build.0 = Release|Any CPU
	EndGlobalSection
	GlobalSection(SolutionProperties) = preSolution
		HideSolutionNode = FALSE
	EndGlobalSection
	GlobalSection(ExtensibilityGlobals) = postSolution
		SolutionGuid = {9CBCC41D-E3DE-42A3-A94D-30843B24A4D8}
	EndGlobalSection
EndGlobal
